# This file is automatically @generated by Cargo.
# It is not intended for manual editing.
version = 4

[[package]]
name = "ex00_strlen"
version = "0.1.0"

[[package]]
name = "ex01_max_option"
version = "0.1.0"

[[package]]
name = "ex02_stack"
version = "0.1.0"

[[package]]
name = "ex03_line_count"
version = "0.1.0"

[[package]]
name = "ex04_value_enum"
version = "0.1.0"
