# This file is automatically @generated by Cargo.
# It is not intended for manual editing.
version = 4

[[package]]
name = "ex04_append_exclamation"
version = "0.1.0"

[[package]]
name = "ex04_borrowed_len"
version = "0.1.0"

[[package]]
name = "ex04_count_positive"
version = "0.1.0"

[[package]]
name = "ex04_duplicate_last"
version = "0.1.0"

[[package]]
name = "ex04_first_word"
version = "0.1.0"

[[package]]
name = "ex04_longer_len"
version = "0.1.0"

[[package]]
name = "ex04_negate_all"
version = "0.1.0"

[[package]]
name = "ex04_split_once_colon"
version = "0.1.0"

[[package]]
name = "ex04_take_and_report"
version = "0.1.0"

[[package]]
name = "ex04_take_last"
version = "0.1.0"
