# This file is automatically @generated by Cargo.
# It is not intended for manual editing.
version = 4

[[package]]
name = "ex05_bank_account"
version = "0.1.0"

[[package]]
name = "ex05_collect_lengths"
version = "0.1.0"

[[package]]
name = "ex05_counter"
version = "0.1.0"

[[package]]
name = "ex05_drop_empty"
version = "0.1.0"

[[package]]
name = "ex05_join_nonempty"
version = "0.1.0"

[[package]]
name = "ex05_max_slice"
version = "0.1.0"

[[package]]
name = "ex05_middle_two"
version = "0.1.0"

[[package]]
name = "ex05_point"
version = "0.1.0"

[[package]]
name = "ex05_rectangle"
version = "0.1.0"

[[package]]
name = "ex05_reverse_in_place"
version = "0.1.0"
